
Microsoft Visual Studio Solution File, Format Version 12.00
# Visual Studio Version 17
VisualStudioVersion = 17.8.34525.116
MinimumVisualStudioVersion = 10.0.40219.1
Project("{9A19103F-16F7-4668-BE54-9A1E7A4F7556}") = "UserTableManagment", "UserTableManagment\UserTableManagment.csproj", "{558F0628-4F6E-4331-9F4C-6758F9525E12}"
	ProjectSection(ProjectDependencies) = postProject
		{C9411270-083F-4030-B6AB-DFA7D44BDA8D} = {C9411270-083F-4030-B6AB-DFA7D44BDA8D}
	EndProjectSection
EndProject
Project("{9A19103F-16F7-4668-BE54-9A1E7A4F7556}") = "UserTableDataLayer", "UserTableDataLayer\UserTableDataLayer.csproj", "{C9411270-083F-4030-B6AB-DFA7D44BDA8D}"
EndProject
Global
	GlobalSection(SolutionConfigurationPlatforms) = preSolution
		Debug|Any CPU = Debug|Any CPU
		Release|Any CPU = Release|Any CPU
	EndGlobalSection
	GlobalSection(ProjectConfigurationPlatforms) = postSolution
		{558F0628-4F6E-4331-9F4C-6758F9525E12}.Debug|Any CPU.ActiveCfg = Debug|Any CPU
		{558F0628-4F6E-4331-9F4C-6758F9525E12}.Debug|Any CPU.Build.0 = Debug|Any CPU
		{558F0628-4F6E-4331-9F4C-6758F9525E12}.Release|Any CPU.ActiveCfg = Release|Any CPU
		{558F0628-4F6E-4331-9F4C-6758F9525E12}.Release|Any CPU.Build.0 = Release|Any CPU
		{C9411270-083F-4030-B6AB-DFA7D44BDA8D}.Debug|Any CPU.ActiveCfg = Debug|Any CPU
		{C9411270-083F-4030-B6AB-DFA7D44BDA8D}.Debug|Any CPU.Build.0 = Debug|Any CPU
		{C9411270-083F-4030-B6AB-DFA7D44BDA8D}.Release|Any CPU.ActiveCfg = Release|Any CPU
		{C9411270-083F-4030-B6AB-DFA7D44BDA8D}.Release|Any CPU.Build.0 = Release|Any CPU
	EndGlobalSection
	GlobalSection(SolutionProperties) = preSolution
		HideSolutionNode = FALSE
	EndGlobalSection
	GlobalSection(ExtensibilityGlobals) = postSolution
		SolutionGuid = {56B0E930-59EC-4BB1-81D4-FFA4F3DCD0F8}
	EndGlobalSection
EndGlobal
